
Microsoft Visual Studio Solution File, Format Version 12.00
# Visual Studio 2015
Project("{FAE04EC0-301F-11D3-BF4B-00C04F79EFBC}") = "Superluminal.CSharp", "Superluminal.CSharp.csproj", "{AAD8F056-F1F4-03F0-F94C-715FF2399970}"
EndProject
Global
	GlobalSection(SolutionConfigurationPlatforms) = preSolution
		Debug|Any CPU = Debug|Any CPU
		Release|Any CPU = Release|Any CPU
	EndGlobalSection
	GlobalSection(ProjectConfigurationPlatforms) = postSolution
		{AAD8F056-F1F4-03F0-F94C-715FF2399970}.Debug|Any CPU.ActiveCfg = Debug|Any CPU
		{AAD8F056-F1F4-03F0-F94C-715FF2399970}.Debug|Any CPU.Build.0 = Debug|Any CPU
		{AAD8F056-F1F4-03F0-F94C-715FF2399970}.Release|Any CPU.ActiveCfg = Release|Any CPU
		{AAD8F056-F1F4-03F0-F94C-715FF2399970}.Release|Any CPU.Build.0 = Release|Any CPU
	EndGlobalSection
	GlobalSection(SolutionProperties) = preSolution
		HideSolutionNode = FALSE
	EndGlobalSection
EndGlobal
